{
  "nodes": {
    "advisory-db": {
      "flake": false,
      "locked": {
        "lastModified": 1753275806,
        "narHash": "sha256-E+Cu/AFVGwoQo4KPgcWmFS9zU7fJgXoK0o25EP3j48g=",
        "owner": "rustsec",
        "repo": "advisory-db",
        "rev": "c62e71ad8c5256ffa3cafbb1a8c687db60869e98",
        "type": "github"
      },
      "original": {
        "owner": "rustsec",
        "repo": "advisory-db",
        "type": "github"
      }
    },
    "cli-wrapper": {
      "inputs": {
        "advisory-db": "advisory-db",
        "crane": "crane",
        "flake-utils": [
          "flake-utils"
        ],
        "nixpkgs": [
          "nixpkgs"
        ],
        "rust-overlay": "rust-overlay"
      },
      "locked": {
        "path": "cli-wrapper",
        "type": "path"
      },
      "original": {
        "path": "cli-wrapper",
        "type": "path"
      },
      "parent": []
    },
    "crane": {
      "locked": {
        "lastModified": 1753316655,
        "narHash": "sha256-tzWa2kmTEN69OEMhxFy+J2oWSvZP5QhEgXp3TROOzl0=",
        "owner": "ipetkov",
        "repo": "crane",
        "rev": "f35a3372d070c9e9ccb63ba7ce347f0634ddf3d2",
        "type": "github"
      },
      "original": {
        "owner": "ipetkov",
        "repo": "crane",
        "type": "github"
      }
    },
    "flake-utils": {
      "inputs": {
        "systems": "systems"
      },
      "locked": {
        "lastModified": 1731533236,
        "narHash": "sha256-l0KFg5HjrsfsO/JpG+r7fRrqm12kzFHyUHqHCVpMMbI=",
        "owner": "numtide",
        "repo": "flake-utils",
        "rev": "11707dc2f618dd54ca8739b309ec4fc024de578b",
        "type": "github"
      },
      "original": {
        "owner": "numtide",
        "repo": "flake-utils",
        "type": "github"
      }
    },
    "nixpkgs": {
      "locked": {
        "lastModified": 1760504863,
        "narHash": "sha256-h13YFQMi91nXkkRoJMIfezorz5SbD6849jw5L0fjK4I=",
        "owner": "NixOS",
        "repo": "nixpkgs",
        "rev": "82c2e0d6dde50b17ae366d2aa36f224dc19af469",
        "type": "github"
      },
      "original": {
        "owner": "NixOS",
        "ref": "nixpkgs-unstable",
        "repo": "nixpkgs",
        "type": "github"
      }
    },
    "old-nixpkgs": {
      "flake": false,
      "locked": {
        "lastModified": 1608815389,
        "narHash": "sha256-nAiG+KujbCx0jlqbteTapdCv+zkzNUhohX1zQpubJ7c=",
        "owner": "NixOS",
        "repo": "nixpkgs",
        "rev": "3b05df1d13c1b315cecc610a2f3180f6669442f0",
        "type": "github"
      },
      "original": {
        "owner": "NixOS",
        "repo": "nixpkgs",
        "rev": "3b05df1d13c1b315cecc610a2f3180f6669442f0",
        "type": "github"
      }
    },
    "root": {
      "inputs": {
        "cli-wrapper": "cli-wrapper",
        "flake-utils": "flake-utils",
        "nixpkgs": "nixpkgs",
        "old-nixpkgs": "old-nixpkgs"
      }
    },
    "rust-overlay": {
      "inputs": {
        "nixpkgs": [
          "cli-wrapper",
          "nixpkgs"
        ]
      },
      "locked": {
        "lastModified": 1753757591,
        "narHash": "sha256-3okLvry8fRWZhJZP75pPC9P6U1dcu84VOCPhPLXYozI=",
        "owner": "oxalica",
        "repo": "rust-overlay",
        "rev": "b372cf71b4125d420d7648cbd898ab8f5c355be2",
        "type": "github"
      },
      "original": {
        "owner": "oxalica",
        "repo": "rust-overlay",
        "type": "github"
      }
    },
    "systems": {
      "locked": {
        "lastModified": 1681028828,
        "narHash": "sha256-Vy1rq5AaRuLzOxct8nz4T6wlgyUR7zLU309k9mBC768=",
        "owner": "nix-systems",
        "repo": "default",
        "rev": "da67096a3b9bf56a91d16901293e51ba5b49a27e",
        "type": "github"
      },
      "original": {
        "owner": "nix-systems",
        "repo": "default",
        "type": "github"
      }
    }
  },
  "root": "root",
  "version": 7
}
