{
  "nodes": {
    "advisory-db": {
      "flake": false,
      "locked": {
        "lastModified": 1753275806,
        "narHash": "sha256-E+Cu/AFVGwoQo4KPgcWmFS9zU7fJgXoK0o25EP3j48g=",
        "owner": "rustsec",
        "repo": "advisory-db",
        "rev": "c62e71ad8c5256ffa3cafbb1a8c687db60869e98",
        "type": "github"
      },
      "original": {
        "owner": "rustsec",
        "repo": "advisory-db",
        "type": "github"
      }
    },
    "charmonium-freeze": {
      "inputs": {
        "flake-utils": [
          "flake-utils"
        ],
        "nixpkgs": [
          "nixpkgs"
        ],
        "pyproject-build-systems": "pyproject-build-systems",
        "pyproject-nix": "pyproject-nix",
        "uv2nix": "uv2nix"
      },
      "locked": {
        "lastModified": 1762979717,
        "narHash": "sha256-G1mwPpIeqTBp29JBCK1X7DE0/QjgZAauLBrPRYKz+qc=",
        "owner": "charmoniumQ",
        "repo": "charmonium.freeze",
        "rev": "abb26411257fc9ce3e29f7e23d8ca0ecaa4452a2",
        "type": "github"
      },
      "original": {
        "owner": "charmoniumQ",
        "repo": "charmonium.freeze",
        "type": "github"
      }
    },
    "charmonium-time-block": {
      "inputs": {
        "flake-utils": [
          "flake-utils"
        ],
        "nixpkgs": [
          "nixpkgs"
        ]
      },
      "locked": {
        "lastModified": 1755754141,
        "narHash": "sha256-PzXHKUZvostIJvvG5t5SN5p0NbpZvZcnDhW4BDZAMew=",
        "owner": "charmoniumQ",
        "repo": "charmonium.time_block",
        "rev": "9f533ef55205909953bf8082961b58fcb59b473e",
        "type": "github"
      },
      "original": {
        "owner": "charmoniumQ",
        "repo": "charmonium.time_block",
        "type": "github"
      }
    },
    "cli-wrapper": {
      "inputs": {
        "advisory-db": "advisory-db",
        "crane": "crane",
        "flake-utils": [
          "flake-utils"
        ],
        "nixpkgs": [
          "nixpkgs"
        ],
        "rust-overlay": "rust-overlay"
      },
      "locked": {
        "path": "cli-wrapper",
        "type": "path"
      },
      "original": {
        "path": "cli-wrapper",
        "type": "path"
      },
      "parent": []
    },
    "crane": {
      "locked": {
        "lastModified": 1753316655,
        "narHash": "sha256-tzWa2kmTEN69OEMhxFy+J2oWSvZP5QhEgXp3TROOzl0=",
        "owner": "ipetkov",
        "repo": "crane",
        "rev": "f35a3372d070c9e9ccb63ba7ce347f0634ddf3d2",
        "type": "github"
      },
      "original": {
        "owner": "ipetkov",
        "repo": "crane",
        "type": "github"
      }
    },
    "flake-utils": {
      "inputs": {
        "systems": "systems"
      },
      "locked": {
        "lastModified": 1731533236,
        "narHash": "sha256-l0KFg5HjrsfsO/JpG+r7fRrqm12kzFHyUHqHCVpMMbI=",
        "owner": "numtide",
        "repo": "flake-utils",
        "rev": "11707dc2f618dd54ca8739b309ec4fc024de578b",
        "type": "github"
      },
      "original": {
        "owner": "numtide",
        "repo": "flake-utils",
        "type": "github"
      }
    },
    "nixpkgs": {
      "locked": {
        "lastModified": 1760504863,
        "narHash": "sha256-h13YFQMi91nXkkRoJMIfezorz5SbD6849jw5L0fjK4I=",
        "owner": "NixOS",
        "repo": "nixpkgs",
        "rev": "82c2e0d6dde50b17ae366d2aa36f224dc19af469",
        "type": "github"
      },
      "original": {
        "owner": "NixOS",
        "ref": "nixpkgs-unstable",
        "repo": "nixpkgs",
        "type": "github"
      }
    },
    "old-nixpkgs": {
      "flake": false,
      "locked": {
        "lastModified": 1650308445,
        "narHash": "sha256-3muuhz3fjtF1bz32UXOYCho51E8JSeEwo2iDZFQJdXo=",
        "owner": "NixOS",
        "repo": "nixpkgs",
        "rev": "d1c3fea7ecbed758168787fe4e4a3157e52bc808",
        "type": "github"
      },
      "original": {
        "owner": "NixOS",
        "repo": "nixpkgs",
        "rev": "d1c3fea7ecbed758168787fe4e4a3157e52bc808",
        "type": "github"
      }
    },
    "pyproject-build-systems": {
      "inputs": {
        "nixpkgs": [
          "charmonium-freeze",
          "nixpkgs"
        ],
        "pyproject-nix": [
          "charmonium-freeze",
          "pyproject-nix"
        ],
        "uv2nix": [
          "charmonium-freeze",
          "uv2nix"
        ]
      },
      "locked": {
        "lastModified": 1752574539,
        "narHash": "sha256-Dl/TGWnrsmmyFVApbpoVosAwOjocJRP2VAoOVbYK+KA=",
        "owner": "pyproject-nix",
        "repo": "build-system-pkgs",
        "rev": "dfa1792728c7a3c34e22491e9fa272ed24e53012",
        "type": "github"
      },
      "original": {
        "owner": "pyproject-nix",
        "repo": "build-system-pkgs",
        "type": "github"
      }
    },
    "pyproject-nix": {
      "inputs": {
        "nixpkgs": [
          "charmonium-freeze",
          "nixpkgs"
        ]
      },
      "locked": {
        "lastModified": 1752762157,
        "narHash": "sha256-xF39K+Sd5+Sv2YqarHEwFpzCC3sKz83M7/tCg99/8Uk=",
        "owner": "pyproject-nix",
        "repo": "pyproject.nix",
        "rev": "fa35449a527d07cf3c7856687d18a999dd0dd241",
        "type": "github"
      },
      "original": {
        "owner": "pyproject-nix",
        "repo": "pyproject.nix",
        "type": "github"
      }
    },
    "root": {
      "inputs": {
        "charmonium-freeze": "charmonium-freeze",
        "charmonium-time-block": "charmonium-time-block",
        "cli-wrapper": "cli-wrapper",
        "flake-utils": "flake-utils",
        "nixpkgs": "nixpkgs",
        "old-nixpkgs": "old-nixpkgs"
      }
    },
    "rust-overlay": {
      "inputs": {
        "nixpkgs": [
          "cli-wrapper",
          "nixpkgs"
        ]
      },
      "locked": {
        "lastModified": 1753757591,
        "narHash": "sha256-3okLvry8fRWZhJZP75pPC9P6U1dcu84VOCPhPLXYozI=",
        "owner": "oxalica",
        "repo": "rust-overlay",
        "rev": "b372cf71b4125d420d7648cbd898ab8f5c355be2",
        "type": "github"
      },
      "original": {
        "owner": "oxalica",
        "repo": "rust-overlay",
        "type": "github"
      }
    },
    "systems": {
      "locked": {
        "lastModified": 1681028828,
        "narHash": "sha256-Vy1rq5AaRuLzOxct8nz4T6wlgyUR7zLU309k9mBC768=",
        "owner": "nix-systems",
        "repo": "default",
        "rev": "da67096a3b9bf56a91d16901293e51ba5b49a27e",
        "type": "github"
      },
      "original": {
        "owner": "nix-systems",
        "repo": "default",
        "type": "github"
      }
    },
    "uv2nix": {
      "inputs": {
        "nixpkgs": [
          "charmonium-freeze",
          "nixpkgs"
        ],
        "pyproject-nix": [
          "charmonium-freeze",
          "pyproject-nix"
        ]
      },
      "locked": {
        "lastModified": 1752805696,
        "narHash": "sha256-GpqeCI2n6sSdIEY/vG9qbQOoN+4/ZcSEhnFeLXG/hxs=",
        "owner": "pyproject-nix",
        "repo": "uv2nix",
        "rev": "8c77cd2cb5a9693e26fb8579f6a25565d99e400d",
        "type": "github"
      },
      "original": {
        "owner": "pyproject-nix",
        "repo": "uv2nix",
        "type": "github"
      }
    }
  },
  "root": "root",
  "version": 7
}
