{
  "nodes": {
    "advisory-db": {
      "flake": false,
      "locked": {
        "lastModified": 1791470834,
        "narHash": "sha256-7RtrZ0HmODwEK9M14XW3S7LJP0+WSI4UUNgDwr2KREM=",
        "owner": "rustsec",
        "repo": "advisory-db",
        "rev": "550efd3d587a29b2e2c2b21b17a440da4fede999",
        "type": "github"
      },
      "original": {
        "owner": "rustsec",
        "repo": "advisory-db",
        "type": "github"
      }
    },
    "charmonium-time-block": {
      "inputs": {
        "flake-utils": [
          "flake-utils"
        ],
        "nixpkgs": [
          "nixpkgs"
        ]
      },
      "locked": {
        "lastModified": 1791437482,
        "narHash": "sha256-bTrNUx3Q6+Ele0G+J9W/dMzgFzUZXqWRizTYlD+MEeI=",
        "owner": "charmoniumQ",
        "repo": "charmonium.time_block",
        "rev": "3d017dbff8c3c94a32a600a6abd9b09897fb9bc9",
        "type": "github"
      },
      "original": {
        "owner": "charmoniumQ",
        "repo": "charmonium.time_block",
        "type": "github"
      }
    },
    "cli-wrapper": {
      "inputs": {
        "advisory-db": "advisory-db",
        "crane": "crane",
        "flake-utils": [
          "flake-utils"
        ],
        "nixpkgs": [
          "nixpkgs"
        ],
        "rust-overlay": "rust-overlay"
      },
      "locked": {
        "path": "cli-wrapper",
        "type": "path"
      },
      "original": {
        "path": "cli-wrapper",
        "type": "path"
      },
      "parent": []
    },
    "crane": {
      "locked": {
        "lastModified": 1790899423,
        "narHash": "sha256-THGtz65UGJU+sonZidRboyCMk+9DclpMF7pwL4uDV4M=",
        "owner": "ipetkov",
        "repo": "crane",
        "rev": "47b6b27ed9a3a9181415e4367d0c30ab2a0e0250",
        "type": "github"
      },
      "original": {
        "owner": "ipetkov",
        "repo": "crane",
        "type": "github"
      }
    },
    "flake-utils": {
      "inputs": {
        "systems": "systems"
      },
      "locked": {
        "lastModified": 1731533236,
        "narHash": "sha256-l0KFg5HjrsfsO/JpG+r7fRrqm12kzFHyUHqHCVpMMbI=",
        "owner": "numtide",
        "repo": "flake-utils",
        "rev": "11707dc2f618dd54ca8739b309ec4fc024de578b",
        "type": "github"
      },
      "original": {
        "owner": "numtide",
        "repo": "flake-utils",
        "type": "github"
      }
    },
    "nixpkgs": {
      "locked": {
        "lastModified": 1791366222,
        "narHash": "sha256-o0N4g6uSOIppU7CGToNvGlMf5vC+B6O6ukFHKY/TKOY=",
        "owner": "NixOS",
        "repo": "nixpkgs",
        "rev": "39ad350a0602fa0a58a544344e3e9187526ea45c",
        "type": "github"
      },
      "original": {
        "owner": "NixOS",
        "ref": "nixpkgs-unstable",
        "repo": "nixpkgs",
        "type": "github"
      }
    },
    "old-nixpkgs": {
      "flake": false,
      "locked": {
        "lastModified": 1650308445,
        "narHash": "sha256-3muuhz3fjtF1bz32UXOYCho51E8JSeEwo2iDZFQJdXo=",
        "owner": "NixOS",
        "repo": "nixpkgs",
        "rev": "d1c3fea7ecbed758168787fe4e4a3157e52bc808",
        "type": "github"
      },
      "original": {
        "owner": "NixOS",
        "repo": "nixpkgs",
        "rev": "d1c3fea7ecbed758168787fe4e4a3157e52bc808",
        "type": "github"
      }
    },
    "root": {
      "inputs": {
        "charmonium-time-block": "charmonium-time-block",
        "cli-wrapper": "cli-wrapper",
        "flake-utils": "flake-utils",
        "nixpkgs": "nixpkgs",
        "old-nixpkgs": "old-nixpkgs"
      }
    },
    "rust-overlay": {
      "inputs": {
        "nixpkgs": [
          "cli-wrapper",
          "nixpkgs"
        ]
      },
      "locked": {
        "lastModified": 1791448976,
        "narHash": "sha256-HJ4TEF3j7HmLYeEP/PtqjeiBX/6TppXB2qY53HcrWbs=",
        "owner": "oxalica",
        "repo": "rust-overlay",
        "rev": "f91010a5c1b6125b715eb78a84fb5dd8fb74a2b0",
        "type": "github"
      },
      "original": {
        "owner": "oxalica",
        "repo": "rust-overlay",
        "type": "github"
      }
    },
    "systems": {
      "locked": {
        "lastModified": 1681028828,
        "narHash": "sha256-Vy1rq5AaRuLzOxct8nz4T6wlgyUR7zLU309k9mBC768=",
        "owner": "nix-systems",
        "repo": "default",
        "rev": "da67096a3b9bf56a91d16901293e51ba5b49a27e",
        "type": "github"
      },
      "original": {
        "owner": "nix-systems",
        "repo": "default",
        "type": "github"
      }
    }
  },
  "root": "root",
  "version": 7
}
